
Microsoft Visual Studio Solution File, Format Version 12.00
# Visual Studio Version 17
VisualStudioVersion = 17.11.35327.3
MinimumVisualStudioVersion = 10.0.40219.1
Project("{FAE04EC0-301F-11D3-BF4B-00C04F79EFBC}") = "Lab2MAUI", "Lab2MAUI\Lab2MAUI.csproj", "{FFBAE1D8-74EB-4348-B9F0-7C5EE7452FB8}"
EndProject
Global
	GlobalSection(SolutionConfigurationPlatforms) = preSolution
		Debug|Any CPU = Debug|Any CPU
		Release|Any CPU = Release|Any CPU
	EndGlobalSection
	GlobalSection(ProjectConfigurationPlatforms) = postSolution
		{FFBAE1D8-74EB-4348-B9F0-7C5EE7452FB8}.Debug|Any CPU.ActiveCfg = Debug|Any CPU
		{FFBAE1D8-74EB-4348-B9F0-7C5EE7452FB8}.Debug|Any CPU.Build.0 = Debug|Any CPU
		{FFBAE1D8-74EB-4348-B9F0-7C5EE7452FB8}.Debug|Any CPU.Deploy.0 = Debug|Any CPU
		{FFBAE1D8-74EB-4348-B9F0-7C5EE7452FB8}.Release|Any CPU.ActiveCfg = Release|Any CPU
		{FFBAE1D8-74EB-4348-B9F0-7C5EE7452FB8}.Release|Any CPU.Build.0 = Release|Any CPU
		{FFBAE1D8-74EB-4348-B9F0-7C5EE7452FB8}.Release|Any CPU.Deploy.0 = Release|Any CPU
	EndGlobalSection
	GlobalSection(SolutionProperties) = preSolution
		HideSolutionNode = FALSE
	EndGlobalSection
	GlobalSection(ExtensibilityGlobals) = postSolution
		SolutionGuid = {80751C09-B893-4F8E-8015-AB8E6652D811}
	EndGlobalSection
EndGlobal
